PODS:
  - TrickyNavigationBar (0.1.1)

DEPENDENCIES:
  - TrickyNavigationBar (from `../`)

EXTERNAL SOURCES:
  TrickyNavigationBar:
    :path: ../

SPEC CHECKSUMS:
  TrickyNavigationBar: aacd19a4a7029353317848e80951c7508f7fcad0

PODFILE CHECKSUM: 10ec1992b2f9c8e366c38f8502a94a2243762c24

COCOAPODS: 1.2.1
